
Microsoft Visual Studio Solution File, Format Version 12.00
# Visual Studio Version 17
VisualStudioVersion = 17.3.32929.385
MinimumVisualStudioVersion = 10.0.40219.1
Project("{FAE04EC0-301F-11D3-BF4B-00C04F79EFBC}") = "FOREST-FIRE-SIMULATOR", "FOREST-FIRE-SIMULATOR.csproj", "{851A3EBF-5592-46C7-8FEE-6C64B0AA5B20}"
EndProject
Global
	GlobalSection(SolutionConfigurationPlatforms) = preSolution
		Debug|Any CPU = Debug|Any CPU
		Release|Any CPU = Release|Any CPU
	EndGlobalSection
	GlobalSection(ProjectConfigurationPlatforms) = postSolution
		{851A3EBF-5592-46C7-8FEE-6C64B0AA5B20}.Debug|Any CPU.ActiveCfg = Debug|Any CPU
		{851A3EBF-5592-46C7-8FEE-6C64B0AA5B20}.Debug|Any CPU.Build.0 = Debug|Any CPU
		{851A3EBF-5592-46C7-8FEE-6C64B0AA5B20}.Release|Any CPU.ActiveCfg = Release|Any CPU
		{851A3EBF-5592-46C7-8FEE-6C64B0AA5B20}.Release|Any CPU.Build.0 = Release|Any CPU
	EndGlobalSection
	GlobalSection(SolutionProperties) = preSolution
		HideSolutionNode = FALSE
	EndGlobalSection
	GlobalSection(ExtensibilityGlobals) = postSolution
		SolutionGuid = {C3044D89-E219-497E-9554-211ABF2D10DB}
	EndGlobalSection
EndGlobal
